
Microsoft Visual Studio Solution File, Format Version 12.00
# Visual Studio Version 16
VisualStudioVersion = 16.0.31424.327
MinimumVisualStudioVersion = 10.0.40219.1
Project("{9A19103F-16F7-4668-BE54-9A1E7A4F7556}") = "manager", "manager.csproj", "{78F2ED7E-168C-4CA9-8BC0-5EB9C9359B08}"
EndProject
Global
	GlobalSection(SolutionConfigurationPlatforms) = preSolution
		Debug|Any CPU = Debug|Any CPU
		Release|Any CPU = Release|Any CPU
	EndGlobalSection
	GlobalSection(ProjectConfigurationPlatforms) = postSolution
		{78F2ED7E-168C-4CA9-8BC0-5EB9C9359B08}.Debug|Any CPU.ActiveCfg = Debug|Any CPU
		{78F2ED7E-168C-4CA9-8BC0-5EB9C9359B08}.Debug|Any CPU.Build.0 = Debug|Any CPU
		{78F2ED7E-168C-4CA9-8BC0-5EB9C9359B08}.Release|Any CPU.ActiveCfg = Release|Any CPU
		{78F2ED7E-168C-4CA9-8BC0-5EB9C9359B08}.Release|Any CPU.Build.0 = Release|Any CPU
	EndGlobalSection
	GlobalSection(SolutionProperties) = preSolution
		HideSolutionNode = FALSE
	EndGlobalSection
	GlobalSection(ExtensibilityGlobals) = postSolution
		SolutionGuid = {16127DE9-51FD-4A0C-90CC-9E9F0C642F75}
	EndGlobalSection
EndGlobal
